// !$*UTF8*$!
{
	archiveVersion = 1;
	classes = {
	};
	objectVersion = 46;
	objects = {

/* Begin PBXBuildFile section */
		AE1FAA281C598A8D006903B6 /* AppDelegate.swift in Sources */ = {isa = PBXBuildFile; fileRef = AE1FAA271C598A8D006903B6 /* AppDelegate.swift */; };
		AE1FAA2A1C598A8D006903B6 /* ViewController.swift in Sources */ = {isa = PBXBuildFile; fileRef = AE1FAA291C598A8D006903B6 /* ViewController.swift */; };
		AE1FAA2D1C598A8D006903B6 /* Main.storyboard in Resources */ = {isa = PBXBuildFile; fileRef = AE1FAA2B1C598A8D006903B6 /* Main.storyboard */; };
		AE1FAA2F1C598A8D006903B6 /* Assets.xcassets in Resources */ = {isa = PBXBuildFile; fileRef = AE1FAA2E1C598A8D006903B6 /* Assets.xcassets */; };
		AE1FAA321C598A8D006903B6 /* LaunchScreen.storyboard in Resources */ = {isa = PBXBuildFile; fileRef = AE1FAA301C598A8D006903B6 /* LaunchScreen.storyboard */; };
		AE1FAA3D1C598A8D006903B6 /* iotnerfTests.swift in Sources */ = {isa = PBXBuildFile; fileRef = AE1FAA3C1C598A8D006903B6 /* iotnerfTests.swift */; };
		AE1FAA481C598A8D006903B6 /* iotnerfUITests.swift in Sources */ = {isa = PBXBuildFile; fileRef = AE1FAA471C598A8D006903B6 /* iotnerfUITests.swift */; };
		AE1FAA571C598DE1006903B6 /* red-button-pressed.png in Resources */ = {isa = PBXBuildFile; fileRef = AE1FAA551C598DE1006903B6 /* red-button-pressed.png */; };
		AE1FAA581C598DE1006903B6 /* red-button.png in Resources */ = {isa = PBXBuildFile; fileRef = AE1FAA561C598DE1006903B6 /* red-button.png */; };
		AE1FAA701C5996DA006903B6 /* SocketAckEmitter.swift in Sources */ = {isa = PBXBuildFile; fileRef = AE1FAA5A1C5996DA006903B6 /* SocketAckEmitter.swift */; };
		AE1FAA711C5996DA006903B6 /* SocketAckManager.swift in Sources */ = {isa = PBXBuildFile; fileRef = AE1FAA5B1C5996DA006903B6 /* SocketAckManager.swift */; };
		AE1FAA721C5996DA006903B6 /* SocketAnyEvent.swift in Sources */ = {isa = PBXBuildFile; fileRef = AE1FAA5C1C5996DA006903B6 /* SocketAnyEvent.swift */; };
		AE1FAA731C5996DA006903B6 /* SocketClientSpec.swift in Sources */ = {isa = PBXBuildFile; fileRef = AE1FAA5D1C5996DA006903B6 /* SocketClientSpec.swift */; };
		AE1FAA741C5996DA006903B6 /* SocketEngine.swift in Sources */ = {isa = PBXBuildFile; fileRef = AE1FAA5E1C5996DA006903B6 /* SocketEngine.swift */; };
		AE1FAA751C5996DA006903B6 /* SocketEngineClient.swift in Sources */ = {isa = PBXBuildFile; fileRef = AE1FAA5F1C5996DA006903B6 /* SocketEngineClient.swift */; };
		AE1FAA761C5996DA006903B6 /* SocketEnginePacketType.swift in Sources */ = {isa = PBXBuildFile; fileRef = AE1FAA601C5996DA006903B6 /* SocketEnginePacketType.swift */; };
		AE1FAA771C5996DA006903B6 /* SocketEnginePollable.swift in Sources */ = {isa = PBXBuildFile; fileRef = AE1FAA611C5996DA006903B6 /* SocketEnginePollable.swift */; };
		AE1FAA781C5996DA006903B6 /* SocketEngineSpec.swift in Sources */ = {isa = PBXBuildFile; fileRef = AE1FAA621C5996DA006903B6 /* SocketEngineSpec.swift */; };
		AE1FAA791C5996DA006903B6 /* SocketEngineWebsocket.swift in Sources */ = {isa = PBXBuildFile; fileRef = AE1FAA631C5996DA006903B6 /* SocketEngineWebsocket.swift */; };
		AE1FAA7A1C5996DA006903B6 /* SocketEventHandler.swift in Sources */ = {isa = PBXBuildFile; fileRef = AE1FAA641C5996DA006903B6 /* SocketEventHandler.swift */; };
		AE1FAA7B1C5996DA006903B6 /* SocketFixUTF8.swift in Sources */ = {isa = PBXBuildFile; fileRef = AE1FAA651C5996DA006903B6 /* SocketFixUTF8.swift */; };
		AE1FAA7C1C5996DA006903B6 /* SocketIOClient.swift in Sources */ = {isa = PBXBuildFile; fileRef = AE1FAA661C5996DA006903B6 /* SocketIOClient.swift */; };
		AE1FAA7D1C5996DA006903B6 /* SocketIOClientOption.swift in Sources */ = {isa = PBXBuildFile; fileRef = AE1FAA671C5996DA006903B6 /* SocketIOClientOption.swift */; };
		AE1FAA7E1C5996DA006903B6 /* SocketIOClientStatus.swift in Sources */ = {isa = PBXBuildFile; fileRef = AE1FAA681C5996DA006903B6 /* SocketIOClientStatus.swift */; };
		AE1FAA7F1C5996DA006903B6 /* SocketLogger.swift in Sources */ = {isa = PBXBuildFile; fileRef = AE1FAA691C5996DA006903B6 /* SocketLogger.swift */; };
		AE1FAA801C5996DA006903B6 /* SocketPacket.swift in Sources */ = {isa = PBXBuildFile; fileRef = AE1FAA6A1C5996DA006903B6 /* SocketPacket.swift */; };
		AE1FAA811C5996DA006903B6 /* SocketParsable.swift in Sources */ = {isa = PBXBuildFile; fileRef = AE1FAA6B1C5996DA006903B6 /* SocketParsable.swift */; };
		AE1FAA821C5996DA006903B6 /* SocketStringReader.swift in Sources */ = {isa = PBXBuildFile; fileRef = AE1FAA6C1C5996DA006903B6 /* SocketStringReader.swift */; };
		AE1FAA831C5996DA006903B6 /* SocketTypes.swift in Sources */ = {isa = PBXBuildFile; fileRef = AE1FAA6D1C5996DA006903B6 /* SocketTypes.swift */; };
		AE1FAA841C5996DA006903B6 /* SwiftRegex.swift in Sources */ = {isa = PBXBuildFile; fileRef = AE1FAA6E1C5996DA006903B6 /* SwiftRegex.swift */; };
		AE1FAA851C5996DA006903B6 /* WebSocket.swift in Sources */ = {isa = PBXBuildFile; fileRef = AE1FAA6F1C5996DA006903B6 /* WebSocket.swift */; };
		AE1FAA871C599EA5006903B6 /* NerfGunService.swift in Sources */ = {isa = PBXBuildFile; fileRef = AE1FAA861C599EA5006903B6 /* NerfGunService.swift */; };
		AE1FAA881C599EA5006903B6 /* NerfGunService.swift in Sources */ = {isa = PBXBuildFile; fileRef = AE1FAA861C599EA5006903B6 /* NerfGunService.swift */; };
		AE1FAA8A1C599EE4006903B6 /* DefaultNerfGunService.swift in Sources */ = {isa = PBXBuildFile; fileRef = AE1FAA891C599EE4006903B6 /* DefaultNerfGunService.swift */; };
		AE1FAA8B1C599EE4006903B6 /* DefaultNerfGunService.swift in Sources */ = {isa = PBXBuildFile; fileRef = AE1FAA891C599EE4006903B6 /* DefaultNerfGunService.swift */; };
/* End PBXBuildFile section */

/* Begin PBXContainerItemProxy section */
		AE1FAA391C598A8D006903B6 /* PBXContainerItemProxy */ = {
			isa = PBXContainerItemProxy;
			containerPortal = AE1FAA1C1C598A8D006903B6 /* Project object */;
			proxyType = 1;
			remoteGlobalIDString = AE1FAA231C598A8D006903B6;
			remoteInfo = iotnerf;
		};
		AE1FAA441C598A8D006903B6 /* PBXContainerItemProxy */ = {
			isa = PBXContainerItemProxy;
			containerPortal = AE1FAA1C1C598A8D006903B6 /* Project object */;
			proxyType = 1;
			remoteGlobalIDString = AE1FAA231C598A8D006903B6;
			remoteInfo = iotnerf;
		};
/* End PBXContainerItemProxy section */

/* Begin PBXFileReference section */
		AE1FAA241C598A8D006903B6 /* iotnerf.app */ = {isa = PBXFileReference; explicitFileType = wrapper.application; includeInIndex = 0; path = iotnerf.app; sourceTree = BUILT_PRODUCTS_DIR; };
		AE1FAA271C598A8D006903B6 /* AppDelegate.swift */ = {isa = PBXFileReference; lastKnownFileType = sourcecode.swift; path = AppDelegate.swift; sourceTree = "<group>"; };
		AE1FAA291C598A8D006903B6 /* ViewController.swift */ = {isa = PBXFileReference; lastKnownFileType = sourcecode.swift; path = ViewController.swift; sourceTree = "<group>"; };
		AE1FAA2C1C598A8D006903B6 /* Base */ = {isa = PBXFileReference; lastKnownFileType = file.storyboard; name = Base; path = Base.lproj/Main.storyboard; sourceTree = "<group>"; };
		AE1FAA2E1C598A8D006903B6 /* Assets.xcassets */ = {isa = PBXFileReference; lastKnownFileType = folder.assetcatalog; path = Assets.xcassets; sourceTree = "<group>"; };
		AE1FAA311C598A8D006903B6 /* Base */ = {isa = PBXFileReference; lastKnownFileType = file.storyboard; name = Base; path = Base.lproj/LaunchScreen.storyboard; sourceTree = "<group>"; };
		AE1FAA331C598A8D006903B6 /* Info.plist */ = {isa = PBXFileReference; lastKnownFileType = text.plist.xml; path = Info.plist; sourceTree = "<group>"; };
		AE1FAA381C598A8D006903B6 /* iotnerfTests.xctest */ = {isa = PBXFileReference; explicitFileType = wrapper.cfbundle; includeInIndex = 0; path = iotnerfTests.xctest; sourceTree = BUILT_PRODUCTS_DIR; };
		AE1FAA3C1C598A8D006903B6 /* iotnerfTests.swift */ = {isa = PBXFileReference; lastKnownFileType = sourcecode.swift; path = iotnerfTests.swift; sourceTree = "<group>"; };
		AE1FAA3E1C598A8D006903B6 /* Info.plist */ = {isa = PBXFileReference; lastKnownFileType = text.plist.xml; path = Info.plist; sourceTree = "<group>"; };
		AE1FAA431C598A8D006903B6 /* iotnerfUITests.xctest */ = {isa = PBXFileReference; explicitFileType = wrapper.cfbundle; includeInIndex = 0; path = iotnerfUITests.xctest; sourceTree = BUILT_PRODUCTS_DIR; };
		AE1FAA471C598A8D006903B6 /* iotnerfUITests.swift */ = {isa = PBXFileReference; lastKnownFileType = sourcecode.swift; path = iotnerfUITests.swift; sourceTree = "<group>"; };
		AE1FAA491C598A8D006903B6 /* Info.plist */ = {isa = PBXFileReference; lastKnownFileType = text.plist.xml; path = Info.plist; sourceTree = "<group>"; };
		AE1FAA551C598DE1006903B6 /* red-button-pressed.png */ = {isa = PBXFileReference; lastKnownFileType = image.png; name = "red-button-pressed.png"; path = "../../../../../Pictures/red-button-pressed.png"; sourceTree = "<group>"; };
		AE1FAA561C598DE1006903B6 /* red-button.png */ = {isa = PBXFileReference; lastKnownFileType = image.png; name = "red-button.png"; path = "../../../../../Pictures/red-button.png"; sourceTree = "<group>"; };
		AE1FAA5A1C5996DA006903B6 /* SocketAckEmitter.swift */ = {isa = PBXFileReference; fileEncoding = 4; lastKnownFileType = sourcecode.swift; name = SocketAckEmitter.swift; path = "../../../socket.io-client-swift/Source/SocketAckEmitter.swift"; sourceTree = "<group>"; };
		AE1FAA5B1C5996DA006903B6 /* SocketAckManager.swift */ = {isa = PBXFileReference; fileEncoding = 4; lastKnownFileType = sourcecode.swift; name = SocketAckManager.swift; path = "../../../socket.io-client-swift/Source/SocketAckManager.swift"; sourceTree = "<group>"; };
		AE1FAA5C1C5996DA006903B6 /* SocketAnyEvent.swift */ = {isa = PBXFileReference; fileEncoding = 4; lastKnownFileType = sourcecode.swift; name = SocketAnyEvent.swift; path = "../../../socket.io-client-swift/Source/SocketAnyEvent.swift"; sourceTree = "<group>"; };
		AE1FAA5D1C5996DA006903B6 /* SocketClientSpec.swift */ = {isa = PBXFileReference; fileEncoding = 4; lastKnownFileType = sourcecode.swift; name = SocketClientSpec.swift; path = "../../../socket.io-client-swift/Source/SocketClientSpec.swift"; sourceTree = "<group>"; };
		AE1FAA5E1C5996DA006903B6 /* SocketEngine.swift */ = {isa = PBXFileReference; fileEncoding = 4; lastKnownFileType = sourcecode.swift; name = SocketEngine.swift; path = "../../../socket.io-client-swift/Source/SocketEngine.swift"; sourceTree = "<group>"; };
		AE1FAA5F1C5996DA006903B6 /* SocketEngineClient.swift */ = {isa = PBXFileReference; fileEncoding = 4; lastKnownFileType = sourcecode.swift; name = SocketEngineClient.swift; path = "../../../socket.io-client-swift/Source/SocketEngineClient.swift"; sourceTree = "<group>"; };
		AE1FAA601C5996DA006903B6 /* SocketEnginePacketType.swift */ = {isa = PBXFileReference; fileEncoding = 4; lastKnownFileType = sourcecode.swift; name = SocketEnginePacketType.swift; path = "../../../socket.io-client-swift/Source/SocketEnginePacketType.swift"; sourceTree = "<group>"; };
		AE1FAA611C5996DA006903B6 /* SocketEnginePollable.swift */ = {isa = PBXFileReference; fileEncoding = 4; lastKnownFileType = sourcecode.swift; name = SocketEnginePollable.swift; path = "../../../socket.io-client-swift/Source/SocketEnginePollable.swift"; sourceTree = "<group>"; };
		AE1FAA621C5996DA006903B6 /* SocketEngineSpec.swift */ = {isa = PBXFileReference; fileEncoding = 4; lastKnownFileType = sourcecode.swift; name = SocketEngineSpec.swift; path = "../../../socket.io-client-swift/Source/SocketEngineSpec.swift"; sourceTree = "<group>"; };
		AE1FAA631C5996DA006903B6 /* SocketEngineWebsocket.swift */ = {isa = PBXFileReference; fileEncoding = 4; lastKnownFileType = sourcecode.swift; name = SocketEngineWebsocket.swift; path = "../../../socket.io-client-swift/Source/SocketEngineWebsocket.swift"; sourceTree = "<group>"; };
		AE1FAA641C5996DA006903B6 /* SocketEventHandler.swift */ = {isa = PBXFileReference; fileEncoding = 4; lastKnownFileType = sourcecode.swift; name = SocketEventHandler.swift; path = "../../../socket.io-client-swift/Source/SocketEventHandler.swift"; sourceTree = "<group>"; };
		AE1FAA651C5996DA006903B6 /* SocketFixUTF8.swift */ = {isa = PBXFileReference; fileEncoding = 4; lastKnownFileType = sourcecode.swift; name = SocketFixUTF8.swift; path = "../../../socket.io-client-swift/Source/SocketFixUTF8.swift"; sourceTree = "<group>"; };
		AE1FAA661C5996DA006903B6 /* SocketIOClient.swift */ = {isa = PBXFileReference; fileEncoding = 4; lastKnownFileType = sourcecode.swift; name = SocketIOClient.swift; path = "../../../socket.io-client-swift/Source/SocketIOClient.swift"; sourceTree = "<group>"; };
		AE1FAA671C5996DA006903B6 /* SocketIOClientOption.swift */ = {isa = PBXFileReference; fileEncoding = 4; lastKnownFileType = sourcecode.swift; name = SocketIOClientOption.swift; path = "../../../socket.io-client-swift/Source/SocketIOClientOption.swift"; sourceTree = "<group>"; };
		AE1FAA681C5996DA006903B6 /* SocketIOClientStatus.swift */ = {isa = PBXFileReference; fileEncoding = 4; lastKnownFileType = sourcecode.swift; name = SocketIOClientStatus.swift; path = "../../../socket.io-client-swift/Source/SocketIOClientStatus.swift"; sourceTree = "<group>"; };
		AE1FAA691C5996DA006903B6 /* SocketLogger.swift */ = {isa = PBXFileReference; fileEncoding = 4; lastKnownFileType = sourcecode.swift; name = SocketLogger.swift; path = "../../../socket.io-client-swift/Source/SocketLogger.swift"; sourceTree = "<group>"; };
		AE1FAA6A1C5996DA006903B6 /* SocketPacket.swift */ = {isa = PBXFileReference; fileEncoding = 4; lastKnownFileType = sourcecode.swift; name = SocketPacket.swift; path = "../../../socket.io-client-swift/Source/SocketPacket.swift"; sourceTree = "<group>"; };
		AE1FAA6B1C5996DA006903B6 /* SocketParsable.swift */ = {isa = PBXFileReference; fileEncoding = 4; lastKnownFileType = sourcecode.swift; name = SocketParsable.swift; path = "../../../socket.io-client-swift/Source/SocketParsable.swift"; sourceTree = "<group>"; };
		AE1FAA6C1C5996DA006903B6 /* SocketStringReader.swift */ = {isa = PBXFileReference; fileEncoding = 4; lastKnownFileType = sourcecode.swift; name = SocketStringReader.swift; path = "../../../socket.io-client-swift/Source/SocketStringReader.swift"; sourceTree = "<group>"; };
		AE1FAA6D1C5996DA006903B6 /* SocketTypes.swift */ = {isa = PBXFileReference; fileEncoding = 4; lastKnownFileType = sourcecode.swift; name = SocketTypes.swift; path = "../../../socket.io-client-swift/Source/SocketTypes.swift"; sourceTree = "<group>"; };
		AE1FAA6E1C5996DA006903B6 /* SwiftRegex.swift */ = {isa = PBXFileReference; fileEncoding = 4; lastKnownFileType = sourcecode.swift; name = SwiftRegex.swift; path = "../../../socket.io-client-swift/Source/SwiftRegex.swift"; sourceTree = "<group>"; };
		AE1FAA6F1C5996DA006903B6 /* WebSocket.swift */ = {isa = PBXFileReference; fileEncoding = 4; lastKnownFileType = sourcecode.swift; name = WebSocket.swift; path = "../../../socket.io-client-swift/Source/WebSocket.swift"; sourceTree = "<group>"; };
		AE1FAA861C599EA5006903B6 /* NerfGunService.swift */ = {isa = PBXFileReference; fileEncoding = 4; lastKnownFileType = sourcecode.swift; path = NerfGunService.swift; sourceTree = "<group>"; };
		AE1FAA891C599EE4006903B6 /* DefaultNerfGunService.swift */ = {isa = PBXFileReference; fileEncoding = 4; lastKnownFileType = sourcecode.swift; path = DefaultNerfGunService.swift; sourceTree = "<group>"; };
/* End PBXFileReference section */

/* Begin PBXFrameworksBuildPhase section */
		AE1FAA211C598A8D006903B6 /* Frameworks */ = {
			isa = PBXFrameworksBuildPhase;
			buildActionMask = 2147483647;
			files = (
			);
			runOnlyForDeploymentPostprocessing = 0;
		};
		AE1FAA351C598A8D006903B6 /* Frameworks */ = {
			isa = PBXFrameworksBuildPhase;
			buildActionMask = 2147483647;
			files = (
			);
			runOnlyForDeploymentPostprocessing = 0;
		};
		AE1FAA401C598A8D006903B6 /* Frameworks */ = {
			isa = PBXFrameworksBuildPhase;
			buildActionMask = 2147483647;
			files = (
			);
			runOnlyForDeploymentPostprocessing = 0;
		};
/* End PBXFrameworksBuildPhase section */

/* Begin PBXGroup section */
		AE1FAA1B1C598A8D006903B6 = {
			isa = PBXGroup;
			children = (
				AE1FAA261C598A8D006903B6 /* iotnerf */,
				AE1FAA3B1C598A8D006903B6 /* iotnerfTests */,
				AE1FAA461C598A8D006903B6 /* iotnerfUITests */,
				AE1FAA251C598A8D006903B6 /* Products */,
			);
			sourceTree = "<group>";
		};
		AE1FAA251C598A8D006903B6 /* Products */ = {
			isa = PBXGroup;
			children = (
				AE1FAA241C598A8D006903B6 /* iotnerf.app */,
				AE1FAA381C598A8D006903B6 /* iotnerfTests.xctest */,
				AE1FAA431C598A8D006903B6 /* iotnerfUITests.xctest */,
			);
			name = Products;
			sourceTree = "<group>";
		};
		AE1FAA261C598A8D006903B6 /* iotnerf */ = {
			isa = PBXGroup;
			children = (
				AE1FAA591C59969C006903B6 /* socket.io-client-swift */,
				AE1FAA271C598A8D006903B6 /* AppDelegate.swift */,
				AE1FAA291C598A8D006903B6 /* ViewController.swift */,
				AE1FAA2B1C598A8D006903B6 /* Main.storyboard */,
				AE1FAA551C598DE1006903B6 /* red-button-pressed.png */,
				AE1FAA561C598DE1006903B6 /* red-button.png */,
				AE1FAA2E1C598A8D006903B6 /* Assets.xcassets */,
				AE1FAA301C598A8D006903B6 /* LaunchScreen.storyboard */,
				AE1FAA331C598A8D006903B6 /* Info.plist */,
				AE1FAA861C599EA5006903B6 /* NerfGunService.swift */,
				AE1FAA891C599EE4006903B6 /* DefaultNerfGunService.swift */,
			);
			path = iotnerf;
			sourceTree = "<group>";
		};
		AE1FAA3B1C598A8D006903B6 /* iotnerfTests */ = {
			isa = PBXGroup;
			children = (
				AE1FAA3C1C598A8D006903B6 /* iotnerfTests.swift */,
				AE1FAA3E1C598A8D006903B6 /* Info.plist */,
			);
			path = iotnerfTests;
			sourceTree = "<group>";
		};
		AE1FAA461C598A8D006903B6 /* iotnerfUITests */ = {
			isa = PBXGroup;
			children = (
				AE1FAA471C598A8D006903B6 /* iotnerfUITests.swift */,
				AE1FAA491C598A8D006903B6 /* Info.plist */,
			);
			path = iotnerfUITests;
			sourceTree = "<group>";
		};
		AE1FAA591C59969C006903B6 /* socket.io-client-swift */ = {
			isa = PBXGroup;
			children = (
				AE1FAA5A1C5996DA006903B6 /* SocketAckEmitter.swift */,
				AE1FAA5B1C5996DA006903B6 /* SocketAckManager.swift */,
				AE1FAA5C1C5996DA006903B6 /* SocketAnyEvent.swift */,
				AE1FAA5D1C5996DA006903B6 /* SocketClientSpec.swift */,
				AE1FAA5E1C5996DA006903B6 /* SocketEngine.swift */,
				AE1FAA5F1C5996DA006903B6 /* SocketEngineClient.swift */,
				AE1FAA601C5996DA006903B6 /* SocketEnginePacketType.swift */,
				AE1FAA611C5996DA006903B6 /* SocketEnginePollable.swift */,
				AE1FAA621C5996DA006903B6 /* SocketEngineSpec.swift */,
				AE1FAA631C5996DA006903B6 /* SocketEngineWebsocket.swift */,
				AE1FAA641C5996DA006903B6 /* SocketEventHandler.swift */,
				AE1FAA651C5996DA006903B6 /* SocketFixUTF8.swift */,
				AE1FAA661C5996DA006903B6 /* SocketIOClient.swift */,
				AE1FAA671C5996DA006903B6 /* SocketIOClientOption.swift */,
				AE1FAA681C5996DA006903B6 /* SocketIOClientStatus.swift */,
				AE1FAA691C5996DA006903B6 /* SocketLogger.swift */,
				AE1FAA6A1C5996DA006903B6 /* SocketPacket.swift */,
				AE1FAA6B1C5996DA006903B6 /* SocketParsable.swift */,
				AE1FAA6C1C5996DA006903B6 /* SocketStringReader.swift */,
				AE1FAA6D1C5996DA006903B6 /* SocketTypes.swift */,
				AE1FAA6E1C5996DA006903B6 /* SwiftRegex.swift */,
				AE1FAA6F1C5996DA006903B6 /* WebSocket.swift */,
			);
			name = "socket.io-client-swift";
			sourceTree = "<group>";
		};
/* End PBXGroup section */

/* Begin PBXNativeTarget section */
		AE1FAA231C598A8D006903B6 /* iotnerf */ = {
			isa = PBXNativeTarget;
			buildConfigurationList = AE1FAA4C1C598A8D006903B6 /* Build configuration list for PBXNativeTarget "iotnerf" */;
			buildPhases = (
				AE1FAA201C598A8D006903B6 /* Sources */,
				AE1FAA211C598A8D006903B6 /* Frameworks */,
				AE1FAA221C598A8D006903B6 /* Resources */,
			);
			buildRules = (
			);
			dependencies = (
			);
			name = iotnerf;
			productName = iotnerf;
			productReference = AE1FAA241C598A8D006903B6 /* iotnerf.app */;
			productType = "com.apple.product-type.application";
		};
		AE1FAA371C598A8D006903B6 /* iotnerfTests */ = {
			isa = PBXNativeTarget;
			buildConfigurationList = AE1FAA4F1C598A8D006903B6 /* Build configuration list for PBXNativeTarget "iotnerfTests" */;
			buildPhases = (
				AE1FAA341C598A8D006903B6 /* Sources */,
				AE1FAA351C598A8D006903B6 /* Frameworks */,
				AE1FAA361C598A8D006903B6 /* Resources */,
			);
			buildRules = (
			);
			dependencies = (
				AE1FAA3A1C598A8D006903B6 /* PBXTargetDependency */,
			);
			name = iotnerfTests;
			productName = iotnerfTests;
			productReference = AE1FAA381C598A8D006903B6 /* iotnerfTests.xctest */;
			productType = "com.apple.product-type.bundle.unit-test";
		};
		AE1FAA421C598A8D006903B6 /* iotnerfUITests */ = {
			isa = PBXNativeTarget;
			buildConfigurationList = AE1FAA521C598A8D006903B6 /* Build configuration list for PBXNativeTarget "iotnerfUITests" */;
			buildPhases = (
				AE1FAA3F1C598A8D006903B6 /* Sources */,
				AE1FAA401C598A8D006903B6 /* Frameworks */,
				AE1FAA411C598A8D006903B6 /* Resources */,
			);
			buildRules = (
			);
			dependencies = (
				AE1FAA451C598A8D006903B6 /* PBXTargetDependency */,
			);
			name = iotnerfUITests;
			productName = iotnerfUITests;
			productReference = AE1FAA431C598A8D006903B6 /* iotnerfUITests.xctest */;
			productType = "com.apple.product-type.bundle.ui-testing";
		};
/* End PBXNativeTarget section */

/* Begin PBXProject section */
		AE1FAA1C1C598A8D006903B6 /* Project object */ = {
			isa = PBXProject;
			attributes = {
				LastSwiftUpdateCheck = 0710;
				LastUpgradeCheck = 0710;
				ORGANIZATIONNAME = Nvisia;
				TargetAttributes = {
					AE1FAA231C598A8D006903B6 = {
						CreatedOnToolsVersion = 7.1;
					};
					AE1FAA371C598A8D006903B6 = {
						CreatedOnToolsVersion = 7.1;
						TestTargetID = AE1FAA231C598A8D006903B6;
					};
					AE1FAA421C598A8D006903B6 = {
						CreatedOnToolsVersion = 7.1;
						TestTargetID = AE1FAA231C598A8D006903B6;
					};
				};
			};
			buildConfigurationList = AE1FAA1F1C598A8D006903B6 /* Build configuration list for PBXProject "iotnerf" */;
			compatibilityVersion = "Xcode 3.2";
			developmentRegion = English;
			hasScannedForEncodings = 0;
			knownRegions = (
				en,
				Base,
			);
			mainGroup = AE1FAA1B1C598A8D006903B6;
			productRefGroup = AE1FAA251C598A8D006903B6 /* Products */;
			projectDirPath = "";
			projectRoot = "";
			targets = (
				AE1FAA231C598A8D006903B6 /* iotnerf */,
				AE1FAA371C598A8D006903B6 /* iotnerfTests */,
				AE1FAA421C598A8D006903B6 /* iotnerfUITests */,
			);
		};
/* End PBXProject section */

/* Begin PBXResourcesBuildPhase section */
		AE1FAA221C598A8D006903B6 /* Resources */ = {
			isa = PBXResourcesBuildPhase;
			buildActionMask = 2147483647;
			files = (
				AE1FAA571C598DE1006903B6 /* red-button-pressed.png in Resources */,
				AE1FAA581C598DE1006903B6 /* red-button.png in Resources */,
				AE1FAA321C598A8D006903B6 /* LaunchScreen.storyboard in Resources */,
				AE1FAA2F1C598A8D006903B6 /* Assets.xcassets in Resources */,
				AE1FAA2D1C598A8D006903B6 /* Main.storyboard in Resources */,
			);
			runOnlyForDeploymentPostprocessing = 0;
		};
		AE1FAA361C598A8D006903B6 /* Resources */ = {
			isa = PBXResourcesBuildPhase;
			buildActionMask = 2147483647;
			files = (
			);
			runOnlyForDeploymentPostprocessing = 0;
		};
		AE1FAA411C598A8D006903B6 /* Resources */ = {
			isa = PBXResourcesBuildPhase;
			buildActionMask = 2147483647;
			files = (
			);
			runOnlyForDeploymentPostprocessing = 0;
		};
/* End PBXResourcesBuildPhase section */

/* Begin PBXSourcesBuildPhase section */
		AE1FAA201C598A8D006903B6 /* Sources */ = {
			isa = PBXSourcesBuildPhase;
			buildActionMask = 2147483647;
			files = (
				AE1FAA7C1C5996DA006903B6 /* SocketIOClient.swift in Sources */,
				AE1FAA851C5996DA006903B6 /* WebSocket.swift in Sources */,
				AE1FAA791C5996DA006903B6 /* SocketEngineWebsocket.swift in Sources */,
				AE1FAA831C5996DA006903B6 /* SocketTypes.swift in Sources */,
				AE1FAA731C5996DA006903B6 /* SocketClientSpec.swift in Sources */,
				AE1FAA7A1C5996DA006903B6 /* SocketEventHandler.swift in Sources */,
				AE1FAA751C5996DA006903B6 /* SocketEngineClient.swift in Sources */,
				AE1FAA721C5996DA006903B6 /* SocketAnyEvent.swift in Sources */,
				AE1FAA871C599EA5006903B6 /* NerfGunService.swift in Sources */,
				AE1FAA781C5996DA006903B6 /* SocketEngineSpec.swift in Sources */,
				AE1FAA801C5996DA006903B6 /* SocketPacket.swift in Sources */,
				AE1FAA711C5996DA006903B6 /* SocketAckManager.swift in Sources */,
				AE1FAA7B1C5996DA006903B6 /* SocketFixUTF8.swift in Sources */,
				AE1FAA811C5996DA006903B6 /* SocketParsable.swift in Sources */,
				AE1FAA841C5996DA006903B6 /* SwiftRegex.swift in Sources */,
				AE1FAA741C5996DA006903B6 /* SocketEngine.swift in Sources */,
				AE1FAA701C5996DA006903B6 /* SocketAckEmitter.swift in Sources */,
				AE1FAA2A1C598A8D006903B6 /* ViewController.swift in Sources */,
				AE1FAA8A1C599EE4006903B6 /* DefaultNerfGunService.swift in Sources */,
				AE1FAA7E1C5996DA006903B6 /* SocketIOClientStatus.swift in Sources */,
				AE1FAA771C5996DA006903B6 /* SocketEnginePollable.swift in Sources */,
				AE1FAA7F1C5996DA006903B6 /* SocketLogger.swift in Sources */,
				AE1FAA761C5996DA006903B6 /* SocketEnginePacketType.swift in Sources */,
				AE1FAA821C5996DA006903B6 /* SocketStringReader.swift in Sources */,
				AE1FAA7D1C5996DA006903B6 /* SocketIOClientOption.swift in Sources */,
				AE1FAA281C598A8D006903B6 /* AppDelegate.swift in Sources */,
			);
			runOnlyForDeploymentPostprocessing = 0;
		};
		AE1FAA341C598A8D006903B6 /* Sources */ = {
			isa = PBXSourcesBuildPhase;
			buildActionMask = 2147483647;
			files = (
				AE1FAA3D1C598A8D006903B6 /* iotnerfTests.swift in Sources */,
				AE1FAA8B1C599EE4006903B6 /* DefaultNerfGunService.swift in Sources */,
				AE1FAA881C599EA5006903B6 /* NerfGunService.swift in Sources */,
			);
			runOnlyForDeploymentPostprocessing = 0;
		};
		AE1FAA3F1C598A8D006903B6 /* Sources */ = {
			isa = PBXSourcesBuildPhase;
			buildActionMask = 2147483647;
			files = (
				AE1FAA481C598A8D006903B6 /* iotnerfUITests.swift in Sources */,
			);
			runOnlyForDeploymentPostprocessing = 0;
		};
/* End PBXSourcesBuildPhase section */

/* Begin PBXTargetDependency section */
		AE1FAA3A1C598A8D006903B6 /* PBXTargetDependency */ = {
			isa = PBXTargetDependency;
			target = AE1FAA231C598A8D006903B6 /* iotnerf */;
			targetProxy = AE1FAA391C598A8D006903B6 /* PBXContainerItemProxy */;
		};
		AE1FAA451C598A8D006903B6 /* PBXTargetDependency */ = {
			isa = PBXTargetDependency;
			target = AE1FAA231C598A8D006903B6 /* iotnerf */;
			targetProxy = AE1FAA441C598A8D006903B6 /* PBXContainerItemProxy */;
		};
/* End PBXTargetDependency section */

/* Begin PBXVariantGroup section */
		AE1FAA2B1C598A8D006903B6 /* Main.storyboard */ = {
			isa = PBXVariantGroup;
			children = (
				AE1FAA2C1C598A8D006903B6 /* Base */,
			);
			name = Main.storyboard;
			sourceTree = "<group>";
		};
		AE1FAA301C598A8D006903B6 /* LaunchScreen.storyboard */ = {
			isa = PBXVariantGroup;
			children = (
				AE1FAA311C598A8D006903B6 /* Base */,
			);
			name = LaunchScreen.storyboard;
			sourceTree = "<group>";
		};
/* End PBXVariantGroup section */

/* Begin XCBuildConfiguration section */
		AE1FAA4A1C598A8D006903B6 /* Debug */ = {
			isa = XCBuildConfiguration;
			buildSettings = {
				ALWAYS_SEARCH_USER_PATHS = NO;
				CLANG_CXX_LANGUAGE_STANDARD = "gnu++0x";
				CLANG_CXX_LIBRARY = "libc++";
				CLANG_ENABLE_MODULES = YES;
				CLANG_ENABLE_OBJC_ARC = YES;
				CLANG_WARN_BOOL_CONVERSION = YES;
				CLANG_WARN_CONSTANT_CONVERSION = YES;
				CLANG_WARN_DIRECT_OBJC_ISA_USAGE = YES_ERROR;
				CLANG_WARN_EMPTY_BODY = YES;
				CLANG_WARN_ENUM_CONVERSION = YES;
				CLANG_WARN_INT_CONVERSION = YES;
				CLANG_WARN_OBJC_ROOT_CLASS = YES_ERROR;
				CLANG_WARN_UNREACHABLE_CODE = YES;
				CLANG_WARN__DUPLICATE_METHOD_MATCH = YES;
				"CODE_SIGN_IDENTITY[sdk=iphoneos*]" = "iPhone Developer";
				COPY_PHASE_STRIP = NO;
				DEBUG_INFORMATION_FORMAT = dwarf;
				ENABLE_STRICT_OBJC_MSGSEND = YES;
				ENABLE_TESTABILITY = YES;
				GCC_C_LANGUAGE_STANDARD = gnu99;
				GCC_DYNAMIC_NO_PIC = NO;
				GCC_NO_COMMON_BLOCKS = YES;
				GCC_OPTIMIZATION_LEVEL = 0;
				GCC_PREPROCESSOR_DEFINITIONS = (
					"DEBUG=1",
					"$(inherited)",
				);
				GCC_WARN_64_TO_32_BIT_CONVERSION = YES;
				GCC_WARN_ABOUT_RETURN_TYPE = YES_ERROR;
				GCC_WARN_UNDECLARED_SELECTOR = YES;
				GCC_WARN_UNINITIALIZED_AUTOS = YES_AGGRESSIVE;
				GCC_WARN_UNUSED_FUNCTION = YES;
				GCC_WARN_UNUSED_VARIABLE = YES;
				IPHONEOS_DEPLOYMENT_TARGET = 9.1;
				MTL_ENABLE_DEBUG_INFO = YES;
				ONLY_ACTIVE_ARCH = YES;
				SDKROOT = iphoneos;
				SWIFT_OPTIMIZATION_LEVEL = "-Onone";
				TARGETED_DEVICE_FAMILY = "1,2";
			};
			name = Debug;
		};
		AE1FAA4B1C598A8D006903B6 /* Release */ = {
			isa = XCBuildConfiguration;
			buildSettings = {
				ALWAYS_SEARCH_USER_PATHS = NO;
				CLANG_CXX_LANGUAGE_STANDARD = "gnu++0x";
				CLANG_CXX_LIBRARY = "libc++";
				CLANG_ENABLE_MODULES = YES;
				CLANG_ENABLE_OBJC_ARC = YES;
				CLANG_WARN_BOOL_CONVERSION = YES;
				CLANG_WARN_CONSTANT_CONVERSION = YES;
				CLANG_WARN_DIRECT_OBJC_ISA_USAGE = YES_ERROR;
				CLANG_WARN_EMPTY_BODY = YES;
				CLANG_WARN_ENUM_CONVERSION = YES;
				CLANG_WARN_INT_CONVERSION = YES;
				CLANG_WARN_OBJC_ROOT_CLASS = YES_ERROR;
				CLANG_WARN_UNREACHABLE_CODE = YES;
				CLANG_WARN__DUPLICATE_METHOD_MATCH = YES;
				"CODE_SIGN_IDENTITY[sdk=iphoneos*]" = "iPhone Developer";
				COPY_PHASE_STRIP = NO;
				DEBUG_INFORMATION_FORMAT = "dwarf-with-dsym";
				ENABLE_NS_ASSERTIONS = NO;
				ENABLE_STRICT_OBJC_MSGSEND = YES;
				GCC_C_LANGUAGE_STANDARD = gnu99;
				GCC_NO_COMMON_BLOCKS = YES;
				GCC_WARN_64_TO_32_BIT_CONVERSION = YES;
				GCC_WARN_ABOUT_RETURN_TYPE = YES_ERROR;
				GCC_WARN_UNDECLARED_SELECTOR = YES;
				GCC_WARN_UNINITIALIZED_AUTOS = YES_AGGRESSIVE;
				GCC_WARN_UNUSED_FUNCTION = YES;
				GCC_WARN_UNUSED_VARIABLE = YES;
				IPHONEOS_DEPLOYMENT_TARGET = 9.1;
				MTL_ENABLE_DEBUG_INFO = NO;
				SDKROOT = iphoneos;
				TARGETED_DEVICE_FAMILY = "1,2";
				VALIDATE_PRODUCT = YES;
			};
			name = Release;
		};
		AE1FAA4D1C598A8D006903B6 /* Debug */ = {
			isa = XCBuildConfiguration;
			buildSettings = {
				ASSETCATALOG_COMPILER_APPICON_NAME = AppIcon;
				INFOPLIST_FILE = iotnerf/Info.plist;
				LD_RUNPATH_SEARCH_PATHS = "$(inherited) @executable_path/Frameworks";
				PRODUCT_BUNDLE_IDENTIFIER = com.nvisia.iotnerf;
				PRODUCT_NAME = "$(TARGET_NAME)";
			};
			name = Debug;
		};
		AE1FAA4E1C598A8D006903B6 /* Release */ = {
			isa = XCBuildConfiguration;
			buildSettings = {
				ASSETCATALOG_COMPILER_APPICON_NAME = AppIcon;
				INFOPLIST_FILE = iotnerf/Info.plist;
				LD_RUNPATH_SEARCH_PATHS = "$(inherited) @executable_path/Frameworks";
				PRODUCT_BUNDLE_IDENTIFIER = com.nvisia.iotnerf;
				PRODUCT_NAME = "$(TARGET_NAME)";
			};
			name = Release;
		};
		AE1FAA501C598A8D006903B6 /* Debug */ = {
			isa = XCBuildConfiguration;
			buildSettings = {
				BUNDLE_LOADER = "$(TEST_HOST)";
				INFOPLIST_FILE = iotnerfTests/Info.plist;
				LD_RUNPATH_SEARCH_PATHS = "$(inherited) @executable_path/Frameworks @loader_path/Frameworks";
				PRODUCT_BUNDLE_IDENTIFIER = com.nvisia.iotnerfTests;
				PRODUCT_NAME = "$(TARGET_NAME)";
				TEST_HOST = "$(BUILT_PRODUCTS_DIR)/iotnerf.app/iotnerf";
			};
			name = Debug;
		};
		AE1FAA511C598A8D006903B6 /* Release */ = {
			isa = XCBuildConfiguration;
			buildSettings = {
				BUNDLE_LOADER = "$(TEST_HOST)";
				INFOPLIST_FILE = iotnerfTests/Info.plist;
				LD_RUNPATH_SEARCH_PATHS = "$(inherited) @executable_path/Frameworks @loader_path/Frameworks";
				PRODUCT_BUNDLE_IDENTIFIER = com.nvisia.iotnerfTests;
				PRODUCT_NAME = "$(TARGET_NAME)";
				TEST_HOST = "$(BUILT_PRODUCTS_DIR)/iotnerf.app/iotnerf";
			};
			name = Release;
		};
		AE1FAA531C598A8D006903B6 /* Debug */ = {
			isa = XCBuildConfiguration;
			buildSettings = {
				INFOPLIST_FILE = iotnerfUITests/Info.plist;
				LD_RUNPATH_SEARCH_PATHS = "$(inherited) @executable_path/Frameworks @loader_path/Frameworks";
				PRODUCT_BUNDLE_IDENTIFIER = com.nvisia.iotnerfUITests;
				PRODUCT_NAME = "$(TARGET_NAME)";
				TEST_TARGET_NAME = iotnerf;
				USES_XCTRUNNER = YES;
			};
			name = Debug;
		};
		AE1FAA541C598A8D006903B6 /* Release */ = {
			isa = XCBuildConfiguration;
			buildSettings = {
				INFOPLIST_FILE = iotnerfUITests/Info.plist;
				LD_RUNPATH_SEARCH_PATHS = "$(inherited) @executable_path/Frameworks @loader_path/Frameworks";
				PRODUCT_BUNDLE_IDENTIFIER = com.nvisia.iotnerfUITests;
				PRODUCT_NAME = "$(TARGET_NAME)";
				TEST_TARGET_NAME = iotnerf;
				USES_XCTRUNNER = YES;
			};
			name = Release;
		};
/* End XCBuildConfiguration section */

/* Begin XCConfigurationList section */
		AE1FAA1F1C598A8D006903B6 /* Build configuration list for PBXProject "iotnerf" */ = {
			isa = XCConfigurationList;
			buildConfigurations = (
				AE1FAA4A1C598A8D006903B6 /* Debug */,
				AE1FAA4B1C598A8D006903B6 /* Release */,
			);
			defaultConfigurationIsVisible = 0;
			defaultConfigurationName = Release;
		};
		AE1FAA4C1C598A8D006903B6 /* Build configuration list for PBXNativeTarget "iotnerf" */ = {
			isa = XCConfigurationList;
			buildConfigurations = (
				AE1FAA4D1C598A8D006903B6 /* Debug */,
				AE1FAA4E1C598A8D006903B6 /* Release */,
			);
			defaultConfigurationIsVisible = 0;
		};
		AE1FAA4F1C598A8D006903B6 /* Build configuration list for PBXNativeTarget "iotnerfTests" */ = {
			isa = XCConfigurationList;
			buildConfigurations = (
				AE1FAA501C598A8D006903B6 /* Debug */,
				AE1FAA511C598A8D006903B6 /* Release */,
			);
			defaultConfigurationIsVisible = 0;
		};
		AE1FAA521C598A8D006903B6 /* Build configuration list for PBXNativeTarget "iotnerfUITests" */ = {
			isa = XCConfigurationList;
			buildConfigurations = (
				AE1FAA531C598A8D006903B6 /* Debug */,
				AE1FAA541C598A8D006903B6 /* Release */,
			);
			defaultConfigurationIsVisible = 0;
		};
/* End XCConfigurationList section */
	};
	rootObject = AE1FAA1C1C598A8D006903B6 /* Project object */;
}
